// !$*UTF8*$!
{
	archiveVersion = 1;
	classes = {
	};
	objectVersion = 50;
	objects = {

/* Begin PBXBuildFile section */
		4B8D7787224E9315001DB769 /* main.swift in Sources */ = {isa = PBXBuildFile; fileRef = 4B8D7786224E9315001DB769 /* main.swift */; };
		4B8D778E224E935D001DB769 /* CommandLineParser.swift in Sources */ = {isa = PBXBuildFile; fileRef = 4B8D778D224E935D001DB769 /* CommandLineParser.swift */; };
		4B8D7790224E9497001DB769 /* Int+Extensions.swift in Sources */ = {isa = PBXBuildFile; fileRef = 4B8D778F224E9497001DB769 /* Int+Extensions.swift */; };
		4B8D7794224E9582001DB769 /* MultiplicativePersistenceSequence.swift in Sources */ = {isa = PBXBuildFile; fileRef = 4B8D7793224E9582001DB769 /* MultiplicativePersistenceSequence.swift */; };
		4BA4E470225EBDBD00A66F4F /* SequenceLogger.swift in Sources */ = {isa = PBXBuildFile; fileRef = 4BA4E46F225EBDBD00A66F4F /* SequenceLogger.swift */; };
/* End PBXBuildFile section */

/* Begin PBXCopyFilesBuildPhase section */
		4B8D7781224E9315001DB769 /* CopyFiles */ = {
			isa = PBXCopyFilesBuildPhase;
			buildActionMask = 2147483647;
			dstPath = /usr/share/man/man1/;
			dstSubfolderSpec = 0;
			files = (
			);
			runOnlyForDeploymentPostprocessing = 1;
		};
/* End PBXCopyFilesBuildPhase section */

/* Begin PBXFileReference section */
		4B8D7783224E9315001DB769 /* Multiplicative Persistence */ = {isa = PBXFileReference; explicitFileType = "compiled.mach-o.executable"; includeInIndex = 0; path = "Multiplicative Persistence"; sourceTree = BUILT_PRODUCTS_DIR; };
		4B8D7786224E9315001DB769 /* main.swift */ = {isa = PBXFileReference; lastKnownFileType = sourcecode.swift; path = main.swift; sourceTree = "<group>"; };
		4B8D778D224E935D001DB769 /* CommandLineParser.swift */ = {isa = PBXFileReference; lastKnownFileType = sourcecode.swift; path = CommandLineParser.swift; sourceTree = "<group>"; };
		4B8D778F224E9497001DB769 /* Int+Extensions.swift */ = {isa = PBXFileReference; lastKnownFileType = sourcecode.swift; path = "Int+Extensions.swift"; sourceTree = "<group>"; };
		4B8D7793224E9582001DB769 /* MultiplicativePersistenceSequence.swift */ = {isa = PBXFileReference; lastKnownFileType = sourcecode.swift; path = MultiplicativePersistenceSequence.swift; sourceTree = "<group>"; };
		4BA4E46F225EBDBD00A66F4F /* SequenceLogger.swift */ = {isa = PBXFileReference; lastKnownFileType = sourcecode.swift; path = SequenceLogger.swift; sourceTree = "<group>"; };
/* End PBXFileReference section */

/* Begin PBXFrameworksBuildPhase section */
		4B8D7780224E9315001DB769 /* Frameworks */ = {
			isa = PBXFrameworksBuildPhase;
			buildActionMask = 2147483647;
			files = (
			);
			runOnlyForDeploymentPostprocessing = 0;
		};
/* End PBXFrameworksBuildPhase section */

/* Begin PBXGroup section */
		4B8D777A224E9315001DB769 = {
			isa = PBXGroup;
			children = (
				4B8D7785224E9315001DB769 /* Multiplicative Persistence */,
				4B8D7784224E9315001DB769 /* Products */,
			);
			sourceTree = "<group>";
		};
		4B8D7784224E9315001DB769 /* Products */ = {
			isa = PBXGroup;
			children = (
				4B8D7783224E9315001DB769 /* Multiplicative Persistence */,
			);
			name = Products;
			sourceTree = "<group>";
		};
		4B8D7785224E9315001DB769 /* Multiplicative Persistence */ = {
			isa = PBXGroup;
			children = (
				4B8D7786224E9315001DB769 /* main.swift */,
				4B8D778D224E935D001DB769 /* CommandLineParser.swift */,
				4B8D778F224E9497001DB769 /* Int+Extensions.swift */,
				4B8D7793224E9582001DB769 /* MultiplicativePersistenceSequence.swift */,
				4BA4E46F225EBDBD00A66F4F /* SequenceLogger.swift */,
			);
			path = "Multiplicative Persistence";
			sourceTree = "<group>";
		};
/* End PBXGroup section */

/* Begin PBXNativeTarget section */
		4B8D7782224E9315001DB769 /* Multiplicative Persistence */ = {
			isa = PBXNativeTarget;
			buildConfigurationList = 4B8D778A224E9315001DB769 /* Build configuration list for PBXNativeTarget "Multiplicative Persistence" */;
			buildPhases = (
				4B8D777F224E9315001DB769 /* Sources */,
				4B8D7780224E9315001DB769 /* Frameworks */,
				4B8D7781224E9315001DB769 /* CopyFiles */,
			);
			buildRules = (
			);
			dependencies = (
			);
			name = "Multiplicative Persistence";
			productName = "Multiplicative Persistence";
			productReference = 4B8D7783224E9315001DB769 /* Multiplicative Persistence */;
			productType = "com.apple.product-type.tool";
		};
/* End PBXNativeTarget section */

/* Begin PBXProject section */
		4B8D777B224E9315001DB769 /* Project object */ = {
			isa = PBXProject;
			attributes = {
				LastSwiftUpdateCheck = 1010;
				LastUpgradeCheck = 1010;
				ORGANIZATIONNAME = "Christopher Fonseka";
				TargetAttributes = {
					4B8D7782224E9315001DB769 = {
						CreatedOnToolsVersion = 10.1;
					};
				};
			};
			buildConfigurationList = 4B8D777E224E9315001DB769 /* Build configuration list for PBXProject "Multiplicative Persistence" */;
			compatibilityVersion = "Xcode 9.3";
			developmentRegion = en;
			hasScannedForEncodings = 0;
			knownRegions = (
				en,
			);
			mainGroup = 4B8D777A224E9315001DB769;
			productRefGroup = 4B8D7784224E9315001DB769 /* Products */;
			projectDirPath = "";
			projectRoot = "";
			targets = (
				4B8D7782224E9315001DB769 /* Multiplicative Persistence */,
			);
		};
/* End PBXProject section */

/* Begin PBXSourcesBuildPhase section */
		4B8D777F224E9315001DB769 /* Sources */ = {
			isa = PBXSourcesBuildPhase;
			buildActionMask = 2147483647;
			files = (
				4B8D7794224E9582001DB769 /* MultiplicativePersistenceSequence.swift in Sources */,
				4B8D7790224E9497001DB769 /* Int+Extensions.swift in Sources */,
				4BA4E470225EBDBD00A66F4F /* SequenceLogger.swift in Sources */,
				4B8D778E224E935D001DB769 /* CommandLineParser.swift in Sources */,
				4B8D7787224E9315001DB769 /* main.swift in Sources */,
			);
			runOnlyForDeploymentPostprocessing = 0;
		};
/* End PBXSourcesBuildPhase section */

/* Begin XCBuildConfiguration section */
		4B8D7788224E9315001DB769 /* Debug */ = {
			isa = XCBuildConfiguration;
			buildSettings = {
				ALWAYS_SEARCH_USER_PATHS = NO;
				CLANG_ANALYZER_NONNULL = YES;
				CLANG_ANALYZER_NUMBER_OBJECT_CONVERSION = YES_AGGRESSIVE;
				CLANG_CXX_LANGUAGE_STANDARD = "gnu++14";
				CLANG_CXX_LIBRARY = "libc++";
				CLANG_ENABLE_MODULES = YES;
				CLANG_ENABLE_OBJC_ARC = YES;
				CLANG_ENABLE_OBJC_WEAK = YES;
				CLANG_WARN_BLOCK_CAPTURE_AUTORELEASING = YES;
				CLANG_WARN_BOOL_CONVERSION = YES;
				CLANG_WARN_COMMA = YES;
				CLANG_WARN_CONSTANT_CONVERSION = YES;
				CLANG_WARN_DEPRECATED_OBJC_IMPLEMENTATIONS = YES;
				CLANG_WARN_DIRECT_OBJC_ISA_USAGE = YES_ERROR;
				CLANG_WARN_DOCUMENTATION_COMMENTS = YES;
				CLANG_WARN_EMPTY_BODY = YES;
				CLANG_WARN_ENUM_CONVERSION = YES;
				CLANG_WARN_INFINITE_RECURSION = YES;
				CLANG_WARN_INT_CONVERSION = YES;
				CLANG_WARN_NON_LITERAL_NULL_CONVERSION = YES;
				CLANG_WARN_OBJC_IMPLICIT_RETAIN_SELF = YES;
				CLANG_WARN_OBJC_LITERAL_CONVERSION = YES;
				CLANG_WARN_OBJC_ROOT_CLASS = YES_ERROR;
				CLANG_WARN_RANGE_LOOP_ANALYSIS = YES;
				CLANG_WARN_STRICT_PROTOTYPES = YES;
				CLANG_WARN_SUSPICIOUS_MOVE = YES;
				CLANG_WARN_UNGUARDED_AVAILABILITY = YES_AGGRESSIVE;
				CLANG_WARN_UNREACHABLE_CODE = YES;
				CLANG_WARN__DUPLICATE_METHOD_MATCH = YES;
				CODE_SIGN_IDENTITY = "Mac Developer";
				COPY_PHASE_STRIP = NO;
				DEBUG_INFORMATION_FORMAT = dwarf;
				ENABLE_STRICT_OBJC_MSGSEND = YES;
				ENABLE_TESTABILITY = YES;
				GCC_C_LANGUAGE_STANDARD = gnu11;
				GCC_DYNAMIC_NO_PIC = NO;
				GCC_NO_COMMON_BLOCKS = YES;
				GCC_OPTIMIZATION_LEVEL = 0;
				GCC_PREPROCESSOR_DEFINITIONS = (
					"DEBUG=1",
					"$(inherited)",
				);
				GCC_WARN_64_TO_32_BIT_CONVERSION = YES;
				GCC_WARN_ABOUT_RETURN_TYPE = YES_ERROR;
				GCC_WARN_UNDECLARED_SELECTOR = YES;
				GCC_WARN_UNINITIALIZED_AUTOS = YES_AGGRESSIVE;
				GCC_WARN_UNUSED_FUNCTION = YES;
				GCC_WARN_UNUSED_VARIABLE = YES;
				MACOSX_DEPLOYMENT_TARGET = 10.14;
				MTL_ENABLE_DEBUG_INFO = INCLUDE_SOURCE;
				MTL_FAST_MATH = YES;
				ONLY_ACTIVE_ARCH = YES;
				SDKROOT = macosx;
				SWIFT_ACTIVE_COMPILATION_CONDITIONS = DEBUG;
				SWIFT_OPTIMIZATION_LEVEL = "-Onone";
			};
			name = Debug;
		};
		4B8D7789224E9315001DB769 /* Release */ = {
			isa = XCBuildConfiguration;
			buildSettings = {
				ALWAYS_SEARCH_USER_PATHS = NO;
				CLANG_ANALYZER_NONNULL = YES;
				CLANG_ANALYZER_NUMBER_OBJECT_CONVERSION = YES_AGGRESSIVE;
				CLANG_CXX_LANGUAGE_STANDARD = "gnu++14";
				CLANG_CXX_LIBRARY = "libc++";
				CLANG_ENABLE_MODULES = YES;
				CLANG_ENABLE_OBJC_ARC = YES;
				CLANG_ENABLE_OBJC_WEAK = YES;
				CLANG_WARN_BLOCK_CAPTURE_AUTORELEASING = YES;
				CLANG_WARN_BOOL_CONVERSION = YES;
				CLANG_WARN_COMMA = YES;
				CLANG_WARN_CONSTANT_CONVERSION = YES;
				CLANG_WARN_DEPRECATED_OBJC_IMPLEMENTATIONS = YES;
				CLANG_WARN_DIRECT_OBJC_ISA_USAGE = YES_ERROR;
				CLANG_WARN_DOCUMENTATION_COMMENTS = YES;
				CLANG_WARN_EMPTY_BODY = YES;
				CLANG_WARN_ENUM_CONVERSION = YES;
				CLANG_WARN_INFINITE_RECURSION = YES;
				CLANG_WARN_INT_CONVERSION = YES;
				CLANG_WARN_NON_LITERAL_NULL_CONVERSION = YES;
				CLANG_WARN_OBJC_IMPLICIT_RETAIN_SELF = YES;
				CLANG_WARN_OBJC_LITERAL_CONVERSION = YES;
				CLANG_WARN_OBJC_ROOT_CLASS = YES_ERROR;
				CLANG_WARN_RANGE_LOOP_ANALYSIS = YES;
				CLANG_WARN_STRICT_PROTOTYPES = YES;
				CLANG_WARN_SUSPICIOUS_MOVE = YES;
				CLANG_WARN_UNGUARDED_AVAILABILITY = YES_AGGRESSIVE;
				CLANG_WARN_UNREACHABLE_CODE = YES;
				CLANG_WARN__DUPLICATE_METHOD_MATCH = YES;
				CODE_SIGN_IDENTITY = "Mac Developer";
				COPY_PHASE_STRIP = NO;
				DEBUG_INFORMATION_FORMAT = "dwarf-with-dsym";
				ENABLE_NS_ASSERTIONS = NO;
				ENABLE_STRICT_OBJC_MSGSEND = YES;
				GCC_C_LANGUAGE_STANDARD = gnu11;
				GCC_NO_COMMON_BLOCKS = YES;
				GCC_WARN_64_TO_32_BIT_CONVERSION = YES;
				GCC_WARN_ABOUT_RETURN_TYPE = YES_ERROR;
				GCC_WARN_UNDECLARED_SELECTOR = YES;
				GCC_WARN_UNINITIALIZED_AUTOS = YES_AGGRESSIVE;
				GCC_WARN_UNUSED_FUNCTION = YES;
				GCC_WARN_UNUSED_VARIABLE = YES;
				MACOSX_DEPLOYMENT_TARGET = 10.14;
				MTL_ENABLE_DEBUG_INFO = NO;
				MTL_FAST_MATH = YES;
				SDKROOT = macosx;
				SWIFT_COMPILATION_MODE = wholemodule;
				SWIFT_OPTIMIZATION_LEVEL = "-O";
			};
			name = Release;
		};
		4B8D778B224E9315001DB769 /* Debug */ = {
			isa = XCBuildConfiguration;
			buildSettings = {
				CODE_SIGN_STYLE = Automatic;
				DEVELOPMENT_TEAM = LH8455G983;
				PRODUCT_NAME = "$(TARGET_NAME)";
				SWIFT_VERSION = 4.2;
			};
			name = Debug;
		};
		4B8D778C224E9315001DB769 /* Release */ = {
			isa = XCBuildConfiguration;
			buildSettings = {
				CODE_SIGN_STYLE = Automatic;
				DEVELOPMENT_TEAM = LH8455G983;
				PRODUCT_NAME = "$(TARGET_NAME)";
				SWIFT_VERSION = 4.2;
			};
			name = Release;
		};
/* End XCBuildConfiguration section */

/* Begin XCConfigurationList section */
		4B8D777E224E9315001DB769 /* Build configuration list for PBXProject "Multiplicative Persistence" */ = {
			isa = XCConfigurationList;
			buildConfigurations = (
				4B8D7788224E9315001DB769 /* Debug */,
				4B8D7789224E9315001DB769 /* Release */,
			);
			defaultConfigurationIsVisible = 0;
			defaultConfigurationName = Release;
		};
		4B8D778A224E9315001DB769 /* Build configuration list for PBXNativeTarget "Multiplicative Persistence" */ = {
			isa = XCConfigurationList;
			buildConfigurations = (
				4B8D778B224E9315001DB769 /* Debug */,
				4B8D778C224E9315001DB769 /* Release */,
			);
			defaultConfigurationIsVisible = 0;
			defaultConfigurationName = Release;
		};
/* End XCConfigurationList section */
	};
	rootObject = 4B8D777B224E9315001DB769 /* Project object */;
}
